// !$*UTF8*$!
{
	archiveVersion = 1;
	classes = {
	};
	objectVersion = 56;
	objects = {

/* Begin PBXBuildFile section */
		EA036DFE28E1F70800494522 /* DetailViewController.swift in Sources */ = {isa = PBXBuildFile; fileRef = EA036DFD28E1F70800494522 /* DetailViewController.swift */; };
		EA09542E28DE4BE4007A8E60 /* HttpRequestHelper.swift in Sources */ = {isa = PBXBuildFile; fileRef = EA09542D28DE4BE4007A8E60 /* HttpRequestHelper.swift */; };
		EA09543028DE4D70007A8E60 /* LaunchService.swift in Sources */ = {isa = PBXBuildFile; fileRef = EA09542F28DE4D70007A8E60 /* LaunchService.swift */; };
		EA09543428DE55C8007A8E60 /* K.swift in Sources */ = {isa = PBXBuildFile; fileRef = EA09543328DE55C8007A8E60 /* K.swift */; };
		EA09543628DE576B007A8E60 /* LaunchCellViewModel.swift in Sources */ = {isa = PBXBuildFile; fileRef = EA09543528DE576B007A8E60 /* LaunchCellViewModel.swift */; };
		EA09543828DE5794007A8E60 /* LaunchViewModel.swift in Sources */ = {isa = PBXBuildFile; fileRef = EA09543728DE5794007A8E60 /* LaunchViewModel.swift */; };
		EA09543A28DF8777007A8E60 /* ErrorEnum.swift in Sources */ = {isa = PBXBuildFile; fileRef = EA09543928DF8777007A8E60 /* ErrorEnum.swift */; };
		EA1E8BD028DCF257008BA395 /* AppDelegate.swift in Sources */ = {isa = PBXBuildFile; fileRef = EA1E8BCF28DCF257008BA395 /* AppDelegate.swift */; };
		EA1E8BD428DCF257008BA395 /* LaunchesViewController.swift in Sources */ = {isa = PBXBuildFile; fileRef = EA1E8BD328DCF257008BA395 /* LaunchesViewController.swift */; };
		EA1E8BD728DCF257008BA395 /* Main.storyboard in Resources */ = {isa = PBXBuildFile; fileRef = EA1E8BD528DCF257008BA395 /* Main.storyboard */; };
		EA1E8BD928DCF258008BA395 /* Assets.xcassets in Resources */ = {isa = PBXBuildFile; fileRef = EA1E8BD828DCF258008BA395 /* Assets.xcassets */; };
		EA1E8BDC28DCF258008BA395 /* LaunchScreen.storyboard in Resources */ = {isa = PBXBuildFile; fileRef = EA1E8BDA28DCF258008BA395 /* LaunchScreen.storyboard */; };
		EA6520A628E33F15001FE061 /* OrderEnum.swift in Sources */ = {isa = PBXBuildFile; fileRef = EA6520A528E33F15001FE061 /* OrderEnum.swift */; };
		EAC9E1A729071E0C006A56D6 /* URLExt.swift in Sources */ = {isa = PBXBuildFile; fileRef = EAC9E1A629071E0C006A56D6 /* URLExt.swift */; };
		EAC9E1A92907219A006A56D6 /* FileUtils.swift in Sources */ = {isa = PBXBuildFile; fileRef = EAC9E1A82907219A006A56D6 /* FileUtils.swift */; };
		EAC9E1AB290726AE006A56D6 /* ImageDownloader.swift in Sources */ = {isa = PBXBuildFile; fileRef = EAC9E1AA290726AE006A56D6 /* ImageDownloader.swift */; };
		EAD9CD6828DE3C5E00F734E7 /* LaunchResponse.swift in Sources */ = {isa = PBXBuildFile; fileRef = EAD9CD6728DE3C5E00F734E7 /* LaunchResponse.swift */; };
		EAD9CD6B28DE3C9F00F734E7 /* LaunchCell.swift in Sources */ = {isa = PBXBuildFile; fileRef = EAD9CD6928DE3C9F00F734E7 /* LaunchCell.swift */; };
		EAD9CD6C28DE3C9F00F734E7 /* LaunchCell.xib in Resources */ = {isa = PBXBuildFile; fileRef = EAD9CD6A28DE3C9F00F734E7 /* LaunchCell.xib */; };
		EAE05BDD28E9EA02009DBA04 /* SceneDelegate.swift in Sources */ = {isa = PBXBuildFile; fileRef = EAE05BDC28E9EA02009DBA04 /* SceneDelegate.swift */; };
/* End PBXBuildFile section */

/* Begin PBXFileReference section */
		EA036DFD28E1F70800494522 /* DetailViewController.swift */ = {isa = PBXFileReference; lastKnownFileType = sourcecode.swift; path = DetailViewController.swift; sourceTree = "<group>"; };
		EA09542D28DE4BE4007A8E60 /* HttpRequestHelper.swift */ = {isa = PBXFileReference; lastKnownFileType = sourcecode.swift; path = HttpRequestHelper.swift; sourceTree = "<group>"; };
		EA09542F28DE4D70007A8E60 /* LaunchService.swift */ = {isa = PBXFileReference; lastKnownFileType = sourcecode.swift; path = LaunchService.swift; sourceTree = "<group>"; };
		EA09543328DE55C8007A8E60 /* K.swift */ = {isa = PBXFileReference; lastKnownFileType = sourcecode.swift; path = K.swift; sourceTree = "<group>"; };
		EA09543528DE576B007A8E60 /* LaunchCellViewModel.swift */ = {isa = PBXFileReference; lastKnownFileType = sourcecode.swift; path = LaunchCellViewModel.swift; sourceTree = "<group>"; };
		EA09543728DE5794007A8E60 /* LaunchViewModel.swift */ = {isa = PBXFileReference; lastKnownFileType = sourcecode.swift; path = LaunchViewModel.swift; sourceTree = "<group>"; };
		EA09543928DF8777007A8E60 /* ErrorEnum.swift */ = {isa = PBXFileReference; lastKnownFileType = sourcecode.swift; path = ErrorEnum.swift; sourceTree = "<group>"; };
		EA1E8BCC28DCF257008BA395 /* SpaceXLaunches.app */ = {isa = PBXFileReference; explicitFileType = wrapper.application; includeInIndex = 0; path = SpaceXLaunches.app; sourceTree = BUILT_PRODUCTS_DIR; };
		EA1E8BCF28DCF257008BA395 /* AppDelegate.swift */ = {isa = PBXFileReference; lastKnownFileType = sourcecode.swift; path = AppDelegate.swift; sourceTree = "<group>"; };
		EA1E8BD328DCF257008BA395 /* LaunchesViewController.swift */ = {isa = PBXFileReference; lastKnownFileType = sourcecode.swift; path = LaunchesViewController.swift; sourceTree = "<group>"; };
		EA1E8BD628DCF257008BA395 /* Base */ = {isa = PBXFileReference; lastKnownFileType = file.storyboard; name = Base; path = Base.lproj/Main.storyboard; sourceTree = "<group>"; };
		EA1E8BD828DCF258008BA395 /* Assets.xcassets */ = {isa = PBXFileReference; lastKnownFileType = folder.assetcatalog; path = Assets.xcassets; sourceTree = "<group>"; };
		EA1E8BDB28DCF258008BA395 /* Base */ = {isa = PBXFileReference; lastKnownFileType = file.storyboard; name = Base; path = Base.lproj/LaunchScreen.storyboard; sourceTree = "<group>"; };
		EA1E8BDD28DCF258008BA395 /* Info.plist */ = {isa = PBXFileReference; lastKnownFileType = text.plist.xml; path = Info.plist; sourceTree = "<group>"; };
		EA6520A528E33F15001FE061 /* OrderEnum.swift */ = {isa = PBXFileReference; lastKnownFileType = sourcecode.swift; path = OrderEnum.swift; sourceTree = "<group>"; };
		EAC9E1A629071E0C006A56D6 /* URLExt.swift */ = {isa = PBXFileReference; lastKnownFileType = sourcecode.swift; path = URLExt.swift; sourceTree = "<group>"; };
		EAC9E1A82907219A006A56D6 /* FileUtils.swift */ = {isa = PBXFileReference; lastKnownFileType = sourcecode.swift; path = FileUtils.swift; sourceTree = "<group>"; };
		EAC9E1AA290726AE006A56D6 /* ImageDownloader.swift */ = {isa = PBXFileReference; lastKnownFileType = sourcecode.swift; path = ImageDownloader.swift; sourceTree = "<group>"; };
		EAD9CD6728DE3C5E00F734E7 /* LaunchResponse.swift */ = {isa = PBXFileReference; lastKnownFileType = sourcecode.swift; path = LaunchResponse.swift; sourceTree = "<group>"; };
		EAD9CD6928DE3C9F00F734E7 /* LaunchCell.swift */ = {isa = PBXFileReference; lastKnownFileType = sourcecode.swift; path = LaunchCell.swift; sourceTree = "<group>"; };
		EAD9CD6A28DE3C9F00F734E7 /* LaunchCell.xib */ = {isa = PBXFileReference; lastKnownFileType = file.xib; path = LaunchCell.xib; sourceTree = "<group>"; };
		EAE05BDC28E9EA02009DBA04 /* SceneDelegate.swift */ = {isa = PBXFileReference; fileEncoding = 4; lastKnownFileType = sourcecode.swift; path = SceneDelegate.swift; sourceTree = "<group>"; };
/* End PBXFileReference section */

/* Begin PBXFrameworksBuildPhase section */
		EA1E8BC928DCF257008BA395 /* Frameworks */ = {
			isa = PBXFrameworksBuildPhase;
			buildActionMask = 2147483647;
			files = (
			);
			runOnlyForDeploymentPostprocessing = 0;
		};
/* End PBXFrameworksBuildPhase section */

/* Begin PBXGroup section */
		EA09542C28DE4BCA007A8E60 /* Helpers */ = {
			isa = PBXGroup;
			children = (
				EA09542D28DE4BE4007A8E60 /* HttpRequestHelper.swift */,
				EA6520A528E33F15001FE061 /* OrderEnum.swift */,
				EA09543928DF8777007A8E60 /* ErrorEnum.swift */,
				EAC9E1A82907219A006A56D6 /* FileUtils.swift */,
			);
			path = Helpers;
			sourceTree = "<group>";
		};
		EA1E77DE28E231C900974BC8 /* Extension */ = {
			isa = PBXGroup;
			children = (
				EAC9E1A629071E0C006A56D6 /* URLExt.swift */,
			);
			path = Extension;
			sourceTree = "<group>";
		};
		EA1E8BC328DCF257008BA395 = {
			isa = PBXGroup;
			children = (
				EA1E8BCE28DCF257008BA395 /* SpaceXLaunches */,
				EA1E8BCD28DCF257008BA395 /* Products */,
			);
			sourceTree = "<group>";
		};
		EA1E8BCD28DCF257008BA395 /* Products */ = {
			isa = PBXGroup;
			children = (
				EA1E8BCC28DCF257008BA395 /* SpaceXLaunches.app */,
			);
			name = Products;
			sourceTree = "<group>";
		};
		EA1E8BCE28DCF257008BA395 /* SpaceXLaunches */ = {
			isa = PBXGroup;
			children = (
				EA1E77DE28E231C900974BC8 /* Extension */,
				EA09542C28DE4BCA007A8E60 /* Helpers */,
				EAD9CD5E28DE387D00F734E7 /* Services */,
				EAD9CD6628DE3AEA00F734E7 /* Model */,
				EAD9CD6528DE3ADF00F734E7 /* View */,
				EAD9CD5D28DE387300F734E7 /* ViewModel */,
				EAE493B328E0E25200BAD6F6 /* ViewController */,
				EA09543328DE55C8007A8E60 /* K.swift */,
				EA1E8BCF28DCF257008BA395 /* AppDelegate.swift */,
				EAE05BDC28E9EA02009DBA04 /* SceneDelegate.swift */,
				EA1E8BD828DCF258008BA395 /* Assets.xcassets */,
				EA1E8BDA28DCF258008BA395 /* LaunchScreen.storyboard */,
				EA1E8BDD28DCF258008BA395 /* Info.plist */,
			);
			path = SpaceXLaunches;
			sourceTree = "<group>";
		};
		EAD9CD5D28DE387300F734E7 /* ViewModel */ = {
			isa = PBXGroup;
			children = (
				EA09543528DE576B007A8E60 /* LaunchCellViewModel.swift */,
				EA09543728DE5794007A8E60 /* LaunchViewModel.swift */,
			);
			path = ViewModel;
			sourceTree = "<group>";
		};
		EAD9CD5E28DE387D00F734E7 /* Services */ = {
			isa = PBXGroup;
			children = (
				EAC9E1AA290726AE006A56D6 /* ImageDownloader.swift */,
				EA09542F28DE4D70007A8E60 /* LaunchService.swift */,
			);
			path = Services;
			sourceTree = "<group>";
		};
		EAD9CD6528DE3ADF00F734E7 /* View */ = {
			isa = PBXGroup;
			children = (
				EA1E8BD528DCF257008BA395 /* Main.storyboard */,
				EAD9CD6D28DE3CA900F734E7 /* LaunchCell */,
			);
			path = View;
			sourceTree = "<group>";
		};
		EAD9CD6628DE3AEA00F734E7 /* Model */ = {
			isa = PBXGroup;
			children = (
				EAD9CD6728DE3C5E00F734E7 /* LaunchResponse.swift */,
			);
			path = Model;
			sourceTree = "<group>";
		};
		EAD9CD6D28DE3CA900F734E7 /* LaunchCell */ = {
			isa = PBXGroup;
			children = (
				EAD9CD6928DE3C9F00F734E7 /* LaunchCell.swift */,
				EAD9CD6A28DE3C9F00F734E7 /* LaunchCell.xib */,
			);
			path = LaunchCell;
			sourceTree = "<group>";
		};
		EAE493B328E0E25200BAD6F6 /* ViewController */ = {
			isa = PBXGroup;
			children = (
				EA1E8BD328DCF257008BA395 /* LaunchesViewController.swift */,
				EA036DFD28E1F70800494522 /* DetailViewController.swift */,
			);
			path = ViewController;
			sourceTree = "<group>";
		};
/* End PBXGroup section */

/* Begin PBXNativeTarget section */
		EA1E8BCB28DCF257008BA395 /* SpaceXLaunches */ = {
			isa = PBXNativeTarget;
			buildConfigurationList = EA1E8BE028DCF258008BA395 /* Build configuration list for PBXNativeTarget "SpaceXLaunches" */;
			buildPhases = (
				EA1E8BC828DCF257008BA395 /* Sources */,
				EA1E8BC928DCF257008BA395 /* Frameworks */,
				EA1E8BCA28DCF257008BA395 /* Resources */,
			);
			buildRules = (
			);
			dependencies = (
			);
			name = SpaceXLaunches;
			productName = SpaceXLaunches;
			productReference = EA1E8BCC28DCF257008BA395 /* SpaceXLaunches.app */;
			productType = "com.apple.product-type.application";
		};
/* End PBXNativeTarget section */

/* Begin PBXProject section */
		EA1E8BC428DCF257008BA395 /* Project object */ = {
			isa = PBXProject;
			attributes = {
				BuildIndependentTargetsInParallel = 1;
				LastSwiftUpdateCheck = 1400;
				LastUpgradeCheck = 1400;
				TargetAttributes = {
					EA1E8BCB28DCF257008BA395 = {
						CreatedOnToolsVersion = 14.0;
					};
				};
			};
			buildConfigurationList = EA1E8BC728DCF257008BA395 /* Build configuration list for PBXProject "SpaceXLaunches" */;
			compatibilityVersion = "Xcode 14.0";
			developmentRegion = en;
			hasScannedForEncodings = 0;
			knownRegions = (
				en,
				Base,
			);
			mainGroup = EA1E8BC328DCF257008BA395;
			productRefGroup = EA1E8BCD28DCF257008BA395 /* Products */;
			projectDirPath = "";
			projectRoot = "";
			targets = (
				EA1E8BCB28DCF257008BA395 /* SpaceXLaunches */,
			);
		};
/* End PBXProject section */

/* Begin PBXResourcesBuildPhase section */
		EA1E8BCA28DCF257008BA395 /* Resources */ = {
			isa = PBXResourcesBuildPhase;
			buildActionMask = 2147483647;
			files = (
				EA1E8BDC28DCF258008BA395 /* LaunchScreen.storyboard in Resources */,
				EA1E8BD928DCF258008BA395 /* Assets.xcassets in Resources */,
				EAD9CD6C28DE3C9F00F734E7 /* LaunchCell.xib in Resources */,
				EA1E8BD728DCF257008BA395 /* Main.storyboard in Resources */,
			);
			runOnlyForDeploymentPostprocessing = 0;
		};
/* End PBXResourcesBuildPhase section */

/* Begin PBXSourcesBuildPhase section */
		EA1E8BC828DCF257008BA395 /* Sources */ = {
			isa = PBXSourcesBuildPhase;
			buildActionMask = 2147483647;
			files = (
				EAC9E1A729071E0C006A56D6 /* URLExt.swift in Sources */,
				EA036DFE28E1F70800494522 /* DetailViewController.swift in Sources */,
				EAC9E1A92907219A006A56D6 /* FileUtils.swift in Sources */,
				EA1E8BD428DCF257008BA395 /* LaunchesViewController.swift in Sources */,
				EA09542E28DE4BE4007A8E60 /* HttpRequestHelper.swift in Sources */,
				EA09543028DE4D70007A8E60 /* LaunchService.swift in Sources */,
				EA09543828DE5794007A8E60 /* LaunchViewModel.swift in Sources */,
				EAE05BDD28E9EA02009DBA04 /* SceneDelegate.swift in Sources */,
				EA1E8BD028DCF257008BA395 /* AppDelegate.swift in Sources */,
				EAC9E1AB290726AE006A56D6 /* ImageDownloader.swift in Sources */,
				EAD9CD6828DE3C5E00F734E7 /* LaunchResponse.swift in Sources */,
				EA09543628DE576B007A8E60 /* LaunchCellViewModel.swift in Sources */,
				EA09543428DE55C8007A8E60 /* K.swift in Sources */,
				EA09543A28DF8777007A8E60 /* ErrorEnum.swift in Sources */,
				EA6520A628E33F15001FE061 /* OrderEnum.swift in Sources */,
				EAD9CD6B28DE3C9F00F734E7 /* LaunchCell.swift in Sources */,
			);
			runOnlyForDeploymentPostprocessing = 0;
		};
/* End PBXSourcesBuildPhase section */

/* Begin PBXVariantGroup section */
		EA1E8BD528DCF257008BA395 /* Main.storyboard */ = {
			isa = PBXVariantGroup;
			children = (
				EA1E8BD628DCF257008BA395 /* Base */,
			);
			name = Main.storyboard;
			sourceTree = "<group>";
		};
		EA1E8BDA28DCF258008BA395 /* LaunchScreen.storyboard */ = {
			isa = PBXVariantGroup;
			children = (
				EA1E8BDB28DCF258008BA395 /* Base */,
			);
			name = LaunchScreen.storyboard;
			sourceTree = "<group>";
		};
/* End PBXVariantGroup section */

/* Begin XCBuildConfiguration section */
		EA1E8BDE28DCF258008BA395 /* Debug */ = {
			isa = XCBuildConfiguration;
			buildSettings = {
				ALWAYS_SEARCH_USER_PATHS = NO;
				CLANG_ANALYZER_NONNULL = YES;
				CLANG_ANALYZER_NUMBER_OBJECT_CONVERSION = YES_AGGRESSIVE;
				CLANG_CXX_LANGUAGE_STANDARD = "gnu++20";
				CLANG_ENABLE_MODULES = YES;
				CLANG_ENABLE_OBJC_ARC = YES;
				CLANG_ENABLE_OBJC_WEAK = YES;
				CLANG_WARN_BLOCK_CAPTURE_AUTORELEASING = YES;
				CLANG_WARN_BOOL_CONVERSION = YES;
				CLANG_WARN_COMMA = YES;
				CLANG_WARN_CONSTANT_CONVERSION = YES;
				CLANG_WARN_DEPRECATED_OBJC_IMPLEMENTATIONS = YES;
				CLANG_WARN_DIRECT_OBJC_ISA_USAGE = YES_ERROR;
				CLANG_WARN_DOCUMENTATION_COMMENTS = YES;
				CLANG_WARN_EMPTY_BODY = YES;
				CLANG_WARN_ENUM_CONVERSION = YES;
				CLANG_WARN_INFINITE_RECURSION = YES;
				CLANG_WARN_INT_CONVERSION = YES;
				CLANG_WARN_NON_LITERAL_NULL_CONVERSION = YES;
				CLANG_WARN_OBJC_IMPLICIT_RETAIN_SELF = YES;
				CLANG_WARN_OBJC_LITERAL_CONVERSION = YES;
				CLANG_WARN_OBJC_ROOT_CLASS = YES_ERROR;
				CLANG_WARN_QUOTED_INCLUDE_IN_FRAMEWORK_HEADER = YES;
				CLANG_WARN_RANGE_LOOP_ANALYSIS = YES;
				CLANG_WARN_STRICT_PROTOTYPES = YES;
				CLANG_WARN_SUSPICIOUS_MOVE = YES;
				CLANG_WARN_UNGUARDED_AVAILABILITY = YES_AGGRESSIVE;
				CLANG_WARN_UNREACHABLE_CODE = YES;
				CLANG_WARN__DUPLICATE_METHOD_MATCH = YES;
				COPY_PHASE_STRIP = NO;
				DEBUG_INFORMATION_FORMAT = dwarf;
				ENABLE_STRICT_OBJC_MSGSEND = YES;
				ENABLE_TESTABILITY = YES;
				GCC_C_LANGUAGE_STANDARD = gnu11;
				GCC_DYNAMIC_NO_PIC = NO;
				GCC_NO_COMMON_BLOCKS = YES;
				GCC_OPTIMIZATION_LEVEL = 0;
				GCC_PREPROCESSOR_DEFINITIONS = (
					"DEBUG=1",
					"$(inherited)",
				);
				GCC_WARN_64_TO_32_BIT_CONVERSION = YES;
				GCC_WARN_ABOUT_RETURN_TYPE = YES_ERROR;
				GCC_WARN_UNDECLARED_SELECTOR = YES;
				GCC_WARN_UNINITIALIZED_AUTOS = YES_AGGRESSIVE;
				GCC_WARN_UNUSED_FUNCTION = YES;
				GCC_WARN_UNUSED_VARIABLE = YES;
				IPHONEOS_DEPLOYMENT_TARGET = 16.0;
				MTL_ENABLE_DEBUG_INFO = INCLUDE_SOURCE;
				MTL_FAST_MATH = YES;
				ONLY_ACTIVE_ARCH = YES;
				SDKROOT = iphoneos;
				SWIFT_ACTIVE_COMPILATION_CONDITIONS = DEBUG;
				SWIFT_OPTIMIZATION_LEVEL = "-Onone";
			};
			name = Debug;
		};
		EA1E8BDF28DCF258008BA395 /* Release */ = {
			isa = XCBuildConfiguration;
			buildSettings = {
				ALWAYS_SEARCH_USER_PATHS = NO;
				CLANG_ANALYZER_NONNULL = YES;
				CLANG_ANALYZER_NUMBER_OBJECT_CONVERSION = YES_AGGRESSIVE;
				CLANG_CXX_LANGUAGE_STANDARD = "gnu++20";
				CLANG_ENABLE_MODULES = YES;
				CLANG_ENABLE_OBJC_ARC = YES;
				CLANG_ENABLE_OBJC_WEAK = YES;
				CLANG_WARN_BLOCK_CAPTURE_AUTORELEASING = YES;
				CLANG_WARN_BOOL_CONVERSION = YES;
				CLANG_WARN_COMMA = YES;
				CLANG_WARN_CONSTANT_CONVERSION = YES;
				CLANG_WARN_DEPRECATED_OBJC_IMPLEMENTATIONS = YES;
				CLANG_WARN_DIRECT_OBJC_ISA_USAGE = YES_ERROR;
				CLANG_WARN_DOCUMENTATION_COMMENTS = YES;
				CLANG_WARN_EMPTY_BODY = YES;
				CLANG_WARN_ENUM_CONVERSION = YES;
				CLANG_WARN_INFINITE_RECURSION = YES;
				CLANG_WARN_INT_CONVERSION = YES;
				CLANG_WARN_NON_LITERAL_NULL_CONVERSION = YES;
				CLANG_WARN_OBJC_IMPLICIT_RETAIN_SELF = YES;
				CLANG_WARN_OBJC_LITERAL_CONVERSION = YES;
				CLANG_WARN_OBJC_ROOT_CLASS = YES_ERROR;
				CLANG_WARN_QUOTED_INCLUDE_IN_FRAMEWORK_HEADER = YES;
				CLANG_WARN_RANGE_LOOP_ANALYSIS = YES;
				CLANG_WARN_STRICT_PROTOTYPES = YES;
				CLANG_WARN_SUSPICIOUS_MOVE = YES;
				CLANG_WARN_UNGUARDED_AVAILABILITY = YES_AGGRESSIVE;
				CLANG_WARN_UNREACHABLE_CODE = YES;
				CLANG_WARN__DUPLICATE_METHOD_MATCH = YES;
				COPY_PHASE_STRIP = NO;
				DEBUG_INFORMATION_FORMAT = "dwarf-with-dsym";
				ENABLE_NS_ASSERTIONS = NO;
				ENABLE_STRICT_OBJC_MSGSEND = YES;
				GCC_C_LANGUAGE_STANDARD = gnu11;
				GCC_NO_COMMON_BLOCKS = YES;
				GCC_WARN_64_TO_32_BIT_CONVERSION = YES;
				GCC_WARN_ABOUT_RETURN_TYPE = YES_ERROR;
				GCC_WARN_UNDECLARED_SELECTOR = YES;
				GCC_WARN_UNINITIALIZED_AUTOS = YES_AGGRESSIVE;
				GCC_WARN_UNUSED_FUNCTION = YES;
				GCC_WARN_UNUSED_VARIABLE = YES;
				IPHONEOS_DEPLOYMENT_TARGET = 16.0;
				MTL_ENABLE_DEBUG_INFO = NO;
				MTL_FAST_MATH = YES;
				SDKROOT = iphoneos;
				SWIFT_COMPILATION_MODE = wholemodule;
				SWIFT_OPTIMIZATION_LEVEL = "-O";
				VALIDATE_PRODUCT = YES;
			};
			name = Release;
		};
		EA1E8BE128DCF258008BA395 /* Debug */ = {
			isa = XCBuildConfiguration;
			buildSettings = {
				ASSETCATALOG_COMPILER_APPICON_NAME = AppIcon;
				ASSETCATALOG_COMPILER_GLOBAL_ACCENT_COLOR_NAME = AccentColor;
				CODE_SIGN_STYLE = Automatic;
				CURRENT_PROJECT_VERSION = 1;
				DEVELOPMENT_TEAM = 2TZT5V4NM7;
				GENERATE_INFOPLIST_FILE = YES;
				INFOPLIST_FILE = SpaceXLaunches/Info.plist;
				INFOPLIST_KEY_UIApplicationSupportsIndirectInputEvents = YES;
				INFOPLIST_KEY_UILaunchStoryboardName = LaunchScreen;
				INFOPLIST_KEY_UIMainStoryboardFile = Main;
				INFOPLIST_KEY_UISupportedInterfaceOrientations_iPad = "UIInterfaceOrientationPortrait UIInterfaceOrientationPortraitUpsideDown UIInterfaceOrientationLandscapeLeft UIInterfaceOrientationLandscapeRight";
				INFOPLIST_KEY_UISupportedInterfaceOrientations_iPhone = "UIInterfaceOrientationPortrait UIInterfaceOrientationLandscapeLeft UIInterfaceOrientationLandscapeRight";
				IPHONEOS_DEPLOYMENT_TARGET = 14.0;
				LD_RUNPATH_SEARCH_PATHS = (
					"$(inherited)",
					"@executable_path/Frameworks",
				);
				MARKETING_VERSION = 1.0;
				PRODUCT_BUNDLE_IDENTIFIER = com.stranskymarek.SpaceXLaunches;
				PRODUCT_NAME = "$(TARGET_NAME)";
				SUPPORTED_PLATFORMS = "iphoneos iphonesimulator";
				SUPPORTS_MACCATALYST = NO;
				SUPPORTS_MAC_DESIGNED_FOR_IPHONE_IPAD = NO;
				SWIFT_EMIT_LOC_STRINGS = YES;
				SWIFT_VERSION = 5.0;
				TARGETED_DEVICE_FAMILY = 1;
			};
			name = Debug;
		};
		EA1E8BE228DCF258008BA395 /* Release */ = {
			isa = XCBuildConfiguration;
			buildSettings = {
				ASSETCATALOG_COMPILER_APPICON_NAME = AppIcon;
				ASSETCATALOG_COMPILER_GLOBAL_ACCENT_COLOR_NAME = AccentColor;
				CODE_SIGN_STYLE = Automatic;
				CURRENT_PROJECT_VERSION = 1;
				DEVELOPMENT_TEAM = 2TZT5V4NM7;
				GENERATE_INFOPLIST_FILE = YES;
				INFOPLIST_FILE = SpaceXLaunches/Info.plist;
				INFOPLIST_KEY_UIApplicationSupportsIndirectInputEvents = YES;
				INFOPLIST_KEY_UILaunchStoryboardName = LaunchScreen;
				INFOPLIST_KEY_UIMainStoryboardFile = Main;
				INFOPLIST_KEY_UISupportedInterfaceOrientations_iPad = "UIInterfaceOrientationPortrait UIInterfaceOrientationPortraitUpsideDown UIInterfaceOrientationLandscapeLeft UIInterfaceOrientationLandscapeRight";
				INFOPLIST_KEY_UISupportedInterfaceOrientations_iPhone = "UIInterfaceOrientationPortrait UIInterfaceOrientationLandscapeLeft UIInterfaceOrientationLandscapeRight";
				IPHONEOS_DEPLOYMENT_TARGET = 14.0;
				LD_RUNPATH_SEARCH_PATHS = (
					"$(inherited)",
					"@executable_path/Frameworks",
				);
				MARKETING_VERSION = 1.0;
				PRODUCT_BUNDLE_IDENTIFIER = com.stranskymarek.SpaceXLaunches;
				PRODUCT_NAME = "$(TARGET_NAME)";
				SUPPORTED_PLATFORMS = "iphoneos iphonesimulator";
				SUPPORTS_MACCATALYST = NO;
				SUPPORTS_MAC_DESIGNED_FOR_IPHONE_IPAD = NO;
				SWIFT_EMIT_LOC_STRINGS = YES;
				SWIFT_VERSION = 5.0;
				TARGETED_DEVICE_FAMILY = 1;
			};
			name = Release;
		};
/* End XCBuildConfiguration section */

/* Begin XCConfigurationList section */
		EA1E8BC728DCF257008BA395 /* Build configuration list for PBXProject "SpaceXLaunches" */ = {
			isa = XCConfigurationList;
			buildConfigurations = (
				EA1E8BDE28DCF258008BA395 /* Debug */,
				EA1E8BDF28DCF258008BA395 /* Release */,
			);
			defaultConfigurationIsVisible = 0;
			defaultConfigurationName = Release;
		};
		EA1E8BE028DCF258008BA395 /* Build configuration list for PBXNativeTarget "SpaceXLaunches" */ = {
			isa = XCConfigurationList;
			buildConfigurations = (
				EA1E8BE128DCF258008BA395 /* Debug */,
				EA1E8BE228DCF258008BA395 /* Release */,
			);
			defaultConfigurationIsVisible = 0;
			defaultConfigurationName = Release;
		};
/* End XCConfigurationList section */
	};
	rootObject = EA1E8BC428DCF257008BA395 /* Project object */;
}
